
Microsoft Visual Studio Solution File, Format Version 12.00
# Visual Studio 14
VisualStudioVersion = 14.0.25420.1
MinimumVisualStudioVersion = 10.0.40219.1
Project("{FAE04EC0-301F-11D3-BF4B-00C04F79EFBC}") = "SavingVariables", "SavingVariables\SavingVariables.csproj", "{4101ADC2-A4BE-40A3-8C6E-4A6940A6AE3A}"
EndProject
Project("{FAE04EC0-301F-11D3-BF4B-00C04F79EFBC}") = "SavingVariables.Tests", "SavingVariables.Tests\SavingVariables.Tests.csproj", "{F63BED4E-A991-44E6-BEDB-FC988E3D211D}"
EndProject
Global
	GlobalSection(SolutionConfigurationPlatforms) = preSolution
		Debug|Any CPU = Debug|Any CPU
		Release|Any CPU = Release|Any CPU
	EndGlobalSection
	GlobalSection(ProjectConfigurationPlatforms) = postSolution
		{4101ADC2-A4BE-40A3-8C6E-4A6940A6AE3A}.Debug|Any CPU.ActiveCfg = Debug|Any CPU
		{4101ADC2-A4BE-40A3-8C6E-4A6940A6AE3A}.Debug|Any CPU.Build.0 = Debug|Any CPU
		{4101ADC2-A4BE-40A3-8C6E-4A6940A6AE3A}.Release|Any CPU.ActiveCfg = Release|Any CPU
		{4101ADC2-A4BE-40A3-8C6E-4A6940A6AE3A}.Release|Any CPU.Build.0 = Release|Any CPU
		{F63BED4E-A991-44E6-BEDB-FC988E3D211D}.Debug|Any CPU.ActiveCfg = Debug|Any CPU
		{F63BED4E-A991-44E6-BEDB-FC988E3D211D}.Debug|Any CPU.Build.0 = Debug|Any CPU
		{F63BED4E-A991-44E6-BEDB-FC988E3D211D}.Release|Any CPU.ActiveCfg = Release|Any CPU
		{F63BED4E-A991-44E6-BEDB-FC988E3D211D}.Release|Any CPU.Build.0 = Release|Any CPU
	EndGlobalSection
	GlobalSection(SolutionProperties) = preSolution
		HideSolutionNode = FALSE
	EndGlobalSection
EndGlobal
